
Microsoft Visual Studio Solution File, Format Version 12.00
# Visual Studio Version 18
VisualStudioVersion = 18.5.11619.145 insiders
MinimumVisualStudioVersion = 10.0.40219.1
Project("{FAE04EC0-301F-11D3-BF4B-00C04F79EFBC}") = "WebApplication1", "WebApplication1\WebApplication1.csproj", "{EB4AC2E8-BBD9-4502-90FB-681CBBFEEC58}"
EndProject
Project("{FAE04EC0-301F-11D3-BF4B-00C04F79EFBC}") = "WebApplication1.E2ETests", "WebApplication1.E2ETests\WebApplication1.E2ETests.csproj", "{8E31CA74-3521-40D5-BA01-3F97650BAB40}"
EndProject
Project("{2150E333-8FDC-42A3-9474-1A3956D46DE8}") = "Solution Items", "Solution Items", "{55E98BCB-CCFE-42F1-BE10-9A2293C903C2}"
EndProject
Project("{FAE04EC0-301F-11D3-BF4B-00C04F79EFBC}") = "TestProject1", "TestProject1\TestProject1.csproj", "{6F84B464-D2A2-BADB-55FE-4525AFA1BDD6}"
EndProject
Global
	GlobalSection(SolutionConfigurationPlatforms) = preSolution
		Debug|Any CPU = Debug|Any CPU
		Debug|x64 = Debug|x64
		Debug|x86 = Debug|x86
		Release|Any CPU = Release|Any CPU
		Release|x64 = Release|x64
		Release|x86 = Release|x86
	EndGlobalSection
	GlobalSection(ProjectConfigurationPlatforms) = postSolution
		{EB4AC2E8-BBD9-4502-90FB-681CBBFEEC58}.Debug|Any CPU.ActiveCfg = Debug|Any CPU
		{EB4AC2E8-BBD9-4502-90FB-681CBBFEEC58}.Debug|Any CPU.Build.0 = Debug|Any CPU
		{EB4AC2E8-BBD9-4502-90FB-681CBBFEEC58}.Debug|x64.ActiveCfg = Debug|Any CPU
		{EB4AC2E8-BBD9-4502-90FB-681CBBFEEC58}.Debug|x64.Build.0 = Debug|Any CPU
		{EB4AC2E8-BBD9-4502-90FB-681CBBFEEC58}.Debug|x86.ActiveCfg = Debug|Any CPU
		{EB4AC2E8-BBD9-4502-90FB-681CBBFEEC58}.Debug|x86.Build.0 = Debug|Any CPU
		{EB4AC2E8-BBD9-4502-90FB-681CBBFEEC58}.Release|Any CPU.ActiveCfg = Release|Any CPU
		{EB4AC2E8-BBD9-4502-90FB-681CBBFEEC58}.Release|Any CPU.Build.0 = Release|Any CPU
		{EB4AC2E8-BBD9-4502-90FB-681CBBFEEC58}.Release|x64.ActiveCfg = Release|Any CPU
		{EB4AC2E8-BBD9-4502-90FB-681CBBFEEC58}.Release|x64.Build.0 = Release|Any CPU
		{EB4AC2E8-BBD9-4502-90FB-681CBBFEEC58}.Release|x86.ActiveCfg = Release|Any CPU
		{EB4AC2E8-BBD9-4502-90FB-681CBBFEEC58}.Release|x86.Build.0 = Release|Any CPU
		{8E31CA74-3521-40D5-BA01-3F97650BAB40}.Debug|Any CPU.ActiveCfg = Debug|Any CPU
		{8E31CA74-3521-40D5-BA01-3F97650BAB40}.Debug|Any CPU.Build.0 = Debug|Any CPU
		{8E31CA74-3521-40D5-BA01-3F97650BAB40}.Debug|x64.ActiveCfg = Debug|Any CPU
		{8E31CA74-3521-40D5-BA01-3F97650BAB40}.Debug|x64.Build.0 = Debug|Any CPU
		{8E31CA74-3521-40D5-BA01-3F97650BAB40}.Debug|x86.ActiveCfg = Debug|Any CPU
		{8E31CA74-3521-40D5-BA01-3F97650BAB40}.Debug|x86.Build.0 = Debug|Any CPU
		{8E31CA74-3521-40D5-BA01-3F97650BAB40}.Release|Any CPU.ActiveCfg = Release|Any CPU
		{8E31CA74-3521-40D5-BA01-3F97650BAB40}.Release|Any CPU.Build.0 = Release|Any CPU
		{8E31CA74-3521-40D5-BA01-3F97650BAB40}.Release|x64.ActiveCfg = Release|Any CPU
		{8E31CA74-3521-40D5-BA01-3F97650BAB40}.Release|x64.Build.0 = Release|Any CPU
		{8E31CA74-3521-40D5-BA01-3F97650BAB40}.Release|x86.ActiveCfg = Release|Any CPU
		{8E31CA74-3521-40D5-BA01-3F97650BAB40}.Release|x86.Build.0 = Release|Any CPU
		{6F84B464-D2A2-BADB-55FE-4525AFA1BDD6}.Debug|Any CPU.ActiveCfg = Debug|Any CPU
		{6F84B464-D2A2-BADB-55FE-4525AFA1BDD6}.Debug|Any CPU.Build.0 = Debug|Any CPU
		{6F84B464-D2A2-BADB-55FE-4525AFA1BDD6}.Debug|x64.ActiveCfg = Debug|Any CPU
		{6F84B464-D2A2-BADB-55FE-4525AFA1BDD6}.Debug|x64.Build.0 = Debug|Any CPU
		{6F84B464-D2A2-BADB-55FE-4525AFA1BDD6}.Debug|x86.ActiveCfg = Debug|Any CPU
		{6F84B464-D2A2-BADB-55FE-4525AFA1BDD6}.Debug|x86.Build.0 = Debug|Any CPU
		{6F84B464-D2A2-BADB-55FE-4525AFA1BDD6}.Release|Any CPU.ActiveCfg = Release|Any CPU
		{6F84B464-D2A2-BADB-55FE-4525AFA1BDD6}.Release|Any CPU.Build.0 = Release|Any CPU
		{6F84B464-D2A2-BADB-55FE-4525AFA1BDD6}.Release|x64.ActiveCfg = Release|Any CPU
		{6F84B464-D2A2-BADB-55FE-4525AFA1BDD6}.Release|x64.Build.0 = Release|Any CPU
		{6F84B464-D2A2-BADB-55FE-4525AFA1BDD6}.Release|x86.ActiveCfg = Release|Any CPU
		{6F84B464-D2A2-BADB-55FE-4525AFA1BDD6}.Release|x86.Build.0 = Release|Any CPU
	EndGlobalSection
	GlobalSection(SolutionProperties) = preSolution
		HideSolutionNode = FALSE
	EndGlobalSection
	GlobalSection(ExtensibilityGlobals) = postSolution
		SolutionGuid = {8B54BBA4-11BE-4DC9-9B51-AF3BD177B073}
	EndGlobalSection
EndGlobal
